
Microsoft Visual Studio Solution File, Format Version 12.00
# Visual Studio 15
VisualStudioVersion = 15.0.27130.2036
MinimumVisualStudioVersion = 10.0.40219.1
Project("{FAE04EC0-301F-11D3-BF4B-00C04F79EFBC}") = "Xam.Android", "Xam\Xam.Android\Xam.Android.csproj", "{61104AA5-2AB5-4EFC-A32F-F91DED7990CF}"
EndProject
Project("{FAE04EC0-301F-11D3-BF4B-00C04F79EFBC}") = "Xam.iOS", "Xam\Xam.iOS\Xam.iOS.csproj", "{D98E60CB-EF51-4DC8-A3D3-A820E7DD6475}"
EndProject
Project("{FAE04EC0-301F-11D3-BF4B-00C04F79EFBC}") = "Xam.UWP", "Xam\Xam.UWP\Xam.UWP.csproj", "{3F7477E5-5E38-4152-BA24-D4C6FCE752A4}"
EndProject
Project("{D954291E-2A0B-460D-934E-DC6B0785DB48}") = "Xam", "Xam\Xam\Xam.shproj", "{F76A80D5-01FA-421C-9847-2A18DBCF0C23}"
EndProject
Global
	GlobalSection(SharedMSBuildProjectFiles) = preSolution
		Xam\Xam\Xam.projitems*{3f7477e5-5e38-4152-ba24-d4c6fce752a4}*SharedItemsImports = 4
		Xam\Xam\Xam.projitems*{61104aa5-2ab5-4efc-a32f-f91ded7990cf}*SharedItemsImports = 4
		Xam\Xam\Xam.projitems*{d98e60cb-ef51-4dc8-a3d3-a820e7dd6475}*SharedItemsImports = 4
		Xam\Xam\Xam.projitems*{f76a80d5-01fa-421c-9847-2a18dbcf0c23}*SharedItemsImports = 13
	EndGlobalSection
	GlobalSection(SolutionConfigurationPlatforms) = preSolution
		Ad-Hoc|Any CPU = Ad-Hoc|Any CPU
		Ad-Hoc|ARM = Ad-Hoc|ARM
		Ad-Hoc|iPhone = Ad-Hoc|iPhone
		Ad-Hoc|iPhoneSimulator = Ad-Hoc|iPhoneSimulator
		Ad-Hoc|x64 = Ad-Hoc|x64
		Ad-Hoc|x86 = Ad-Hoc|x86
		AppStore|Any CPU = AppStore|Any CPU
		AppStore|ARM = AppStore|ARM
		AppStore|iPhone = AppStore|iPhone
		AppStore|iPhoneSimulator = AppStore|iPhoneSimulator
		AppStore|x64 = AppStore|x64
		AppStore|x86 = AppStore|x86
		Debug|Any CPU = Debug|Any CPU
		Debug|ARM = Debug|ARM
		Debug|iPhone = Debug|iPhone
		Debug|iPhoneSimulator = Debug|iPhoneSimulator
		Debug|x64 = Debug|x64
		Debug|x86 = Debug|x86
		Release|Any CPU = Release|Any CPU
		Release|ARM = Release|ARM
		Release|iPhone = Release|iPhone
		Release|iPhoneSimulator = Release|iPhoneSimulator
		Release|x64 = Release|x64
		Release|x86 = Release|x86
	EndGlobalSection
	GlobalSection(ProjectConfigurationPlatforms) = postSolution
		{61104AA5-2AB5-4EFC-A32F-F91DED7990CF}.Ad-Hoc|Any CPU.ActiveCfg = Release|Any CPU
		{61104AA5-2AB5-4EFC-A32F-F91DED7990CF}.Ad-Hoc|Any CPU.Build.0 = Release|Any CPU
		{61104AA5-2AB5-4EFC-A32F-F91DED7990CF}.Ad-Hoc|Any CPU.Deploy.0 = Release|Any CPU
		{61104AA5-2AB5-4EFC-A32F-F91DED7990CF}.Ad-Hoc|ARM.ActiveCfg = Release|Any CPU
		{61104AA5-2AB5-4EFC-A32F-F91DED7990CF}.Ad-Hoc|ARM.Build.0 = Release|Any CPU
		{61104AA5-2AB5-4EFC-A32F-F91DED7990CF}.Ad-Hoc|ARM.Deploy.0 = Release|Any CPU
		{61104AA5-2AB5-4EFC-A32F-F91DED7990CF}.Ad-Hoc|iPhone.ActiveCfg = Release|Any CPU
		{61104AA5-2AB5-4EFC-A32F-F91DED7990CF}.Ad-Hoc|iPhone.Build.0 = Release|Any CPU
		{61104AA5-2AB5-4EFC-A32F-F91DED7990CF}.Ad-Hoc|iPhone.Deploy.0 = Release|Any CPU
		{61104AA5-2AB5-4EFC-A32F-F91DED7990CF}.Ad-Hoc|iPhoneSimulator.ActiveCfg = Release|Any CPU
		{61104AA5-2AB5-4EFC-A32F-F91DED7990CF}.Ad-Hoc|iPhoneSimulator.Build.0 = Release|Any CPU
		{61104AA5-2AB5-4EFC-A32F-F91DED7990CF}.Ad-Hoc|iPhoneSimulator.Deploy.0 = Release|Any CPU
		{61104AA5-2AB5-4EFC-A32F-F91DED7990CF}.Ad-Hoc|x64.ActiveCfg = Release|Any CPU
		{61104AA5-2AB5-4EFC-A32F-F91DED7990CF}.Ad-Hoc|x64.Build.0 = Release|Any CPU
		{61104AA5-2AB5-4EFC-A32F-F91DED7990CF}.Ad-Hoc|x64.Deploy.0 = Release|Any CPU
		{61104AA5-2AB5-4EFC-A32F-F91DED7990CF}.Ad-Hoc|x86.ActiveCfg = Release|Any CPU
		{61104AA5-2AB5-4EFC-A32F-F91DED7990CF}.Ad-Hoc|x86.Build.0 = Release|Any CPU
		{61104AA5-2AB5-4EFC-A32F-F91DED7990CF}.Ad-Hoc|x86.Deploy.0 = Release|Any CPU
		{61104AA5-2AB5-4EFC-A32F-F91DED7990CF}.AppStore|Any CPU.ActiveCfg = Release|Any CPU
		{61104AA5-2AB5-4EFC-A32F-F91DED7990CF}.AppStore|Any CPU.Build.0 = Release|Any CPU
		{61104AA5-2AB5-4EFC-A32F-F91DED7990CF}.AppStore|Any CPU.Deploy.0 = Release|Any CPU
		{61104AA5-2AB5-4EFC-A32F-F91DED7990CF}.AppStore|ARM.ActiveCfg = Release|Any CPU
		{61104AA5-2AB5-4EFC-A32F-F91DED7990CF}.AppStore|ARM.Build.0 = Release|Any CPU
		{61104AA5-2AB5-4EFC-A32F-F91DED7990CF}.AppStore|ARM.Deploy.0 = Release|Any CPU
		{61104AA5-2AB5-4EFC-A32F-F91DED7990CF}.AppStore|iPhone.ActiveCfg = Release|Any CPU
		{61104AA5-2AB5-4EFC-A32F-F91DED7990CF}.AppStore|iPhone.Build.0 = Release|Any CPU
		{61104AA5-2AB5-4EFC-A32F-F91DED7990CF}.AppStore|iPhone.Deploy.0 = Release|Any CPU
		{61104AA5-2AB5-4EFC-A32F-F91DED7990CF}.AppStore|iPhoneSimulator.ActiveCfg = Release|Any CPU
		{61104AA5-2AB5-4EFC-A32F-F91DED7990CF}.AppStore|iPhoneSimulator.Build.0 = Release|Any CPU
		{61104AA5-2AB5-4EFC-A32F-F91DED7990CF}.AppStore|iPhoneSimulator.Deploy.0 = Release|Any CPU
		{61104AA5-2AB5-4EFC-A32F-F91DED7990CF}.AppStore|x64.ActiveCfg = Release|Any CPU
		{61104AA5-2AB5-4EFC-A32F-F91DED7990CF}.AppStore|x64.Build.0 = Release|Any CPU
		{61104AA5-2AB5-4EFC-A32F-F91DED7990CF}.AppStore|x64.Deploy.0 = Release|Any CPU
		{61104AA5-2AB5-4EFC-A32F-F91DED7990CF}.AppStore|x86.ActiveCfg = Release|Any CPU
		{61104AA5-2AB5-4EFC-A32F-F91DED7990CF}.AppStore|x86.Build.0 = Release|Any CPU
		{61104AA5-2AB5-4EFC-A32F-F91DED7990CF}.AppStore|x86.Deploy.0 = Release|Any CPU
		{61104AA5-2AB5-4EFC-A32F-F91DED7990CF}.Debug|Any CPU.ActiveCfg = Debug|Any CPU
		{61104AA5-2AB5-4EFC-A32F-F91DED7990CF}.Debug|Any CPU.Build.0 = Debug|Any CPU
		{61104AA5-2AB5-4EFC-A32F-F91DED7990CF}.Debug|Any CPU.Deploy.0 = Debug|Any CPU
		{61104AA5-2AB5-4EFC-A32F-F91DED7990CF}.Debug|ARM.ActiveCfg = Debug|Any CPU
		{61104AA5-2AB5-4EFC-A32F-F91DED7990CF}.Debug|ARM.Build.0 = Debug|Any CPU
		{61104AA5-2AB5-4EFC-A32F-F91DED7990CF}.Debug|ARM.Deploy.0 = Debug|Any CPU
		{61104AA5-2AB5-4EFC-A32F-F91DED7990CF}.Debug|iPhone.ActiveCfg = Debug|Any CPU
		{61104AA5-2AB5-4EFC-A32F-F91DED7990CF}.Debug|iPhone.Build.0 = Debug|Any CPU
		{61104AA5-2AB5-4EFC-A32F-F91DED7990CF}.Debug|iPhone.Deploy.0 = Debug|Any CPU
		{61104AA5-2AB5-4EFC-A32F-F91DED7990CF}.Debug|iPhoneSimulator.ActiveCfg = Debug|Any CPU
		{61104AA5-2AB5-4EFC-A32F-F91DED7990CF}.Debug|iPhoneSimulator.Build.0 = Debug|Any CPU
		{61104AA5-2AB5-4EFC-A32F-F91DED7990CF}.Debug|iPhoneSimulator.Deploy.0 = Debug|Any CPU
		{61104AA5-2AB5-4EFC-A32F-F91DED7990CF}.Debug|x64.ActiveCfg = Debug|Any CPU
		{61104AA5-2AB5-4EFC-A32F-F91DED7990CF}.Debug|x64.Build.0 = Debug|Any CPU
		{61104AA5-2AB5-4EFC-A32F-F91DED7990CF}.Debug|x64.Deploy.0 = Debug|Any CPU
		{61104AA5-2AB5-4EFC-A32F-F91DED7990CF}.Debug|x86.ActiveCfg = Debug|Any CPU
		{61104AA5-2AB5-4EFC-A32F-F91DED7990CF}.Debug|x86.Build.0 = Debug|Any CPU
		{61104AA5-2AB5-4EFC-A32F-F91DED7990CF}.Debug|x86.Deploy.0 = Debug|Any CPU
		{61104AA5-2AB5-4EFC-A32F-F91DED7990CF}.Release|Any CPU.ActiveCfg = Release|Any CPU
		{61104AA5-2AB5-4EFC-A32F-F91DED7990CF}.Release|Any CPU.Build.0 = Release|Any CPU
		{61104AA5-2AB5-4EFC-A32F-F91DED7990CF}.Release|Any CPU.Deploy.0 = Release|Any CPU
		{61104AA5-2AB5-4EFC-A32F-F91DED7990CF}.Release|ARM.ActiveCfg = Release|Any CPU
		{61104AA5-2AB5-4EFC-A32F-F91DED7990CF}.Release|ARM.Build.0 = Release|Any CPU
		{61104AA5-2AB5-4EFC-A32F-F91DED7990CF}.Release|ARM.Deploy.0 = Release|Any CPU
		{61104AA5-2AB5-4EFC-A32F-F91DED7990CF}.Release|iPhone.ActiveCfg = Release|Any CPU
		{61104AA5-2AB5-4EFC-A32F-F91DED7990CF}.Release|iPhone.Build.0 = Release|Any CPU
		{61104AA5-2AB5-4EFC-A32F-F91DED7990CF}.Release|iPhone.Deploy.0 = Release|Any CPU
		{61104AA5-2AB5-4EFC-A32F-F91DED7990CF}.Release|iPhoneSimulator.ActiveCfg = Release|Any CPU
		{61104AA5-2AB5-4EFC-A32F-F91DED7990CF}.Release|iPhoneSimulator.Build.0 = Release|Any CPU
		{61104AA5-2AB5-4EFC-A32F-F91DED7990CF}.Release|iPhoneSimulator.Deploy.0 = Release|Any CPU
		{61104AA5-2AB5-4EFC-A32F-F91DED7990CF}.Release|x64.ActiveCfg = Release|Any CPU
		{61104AA5-2AB5-4EFC-A32F-F91DED7990CF}.Release|x64.Build.0 = Release|Any CPU
		{61104AA5-2AB5-4EFC-A32F-F91DED7990CF}.Release|x64.Deploy.0 = Release|Any CPU
		{61104AA5-2AB5-4EFC-A32F-F91DED7990CF}.Release|x86.ActiveCfg = Release|Any CPU
		{61104AA5-2AB5-4EFC-A32F-F91DED7990CF}.Release|x86.Build.0 = Release|Any CPU
		{61104AA5-2AB5-4EFC-A32F-F91DED7990CF}.Release|x86.Deploy.0 = Release|Any CPU
		{D98E60CB-EF51-4DC8-A3D3-A820E7DD6475}.Ad-Hoc|Any CPU.ActiveCfg = Ad-Hoc|iPhone
		{D98E60CB-EF51-4DC8-A3D3-A820E7DD6475}.Ad-Hoc|ARM.ActiveCfg = Ad-Hoc|iPhone
		{D98E60CB-EF51-4DC8-A3D3-A820E7DD6475}.Ad-Hoc|iPhone.ActiveCfg = Ad-Hoc|iPhone
		{D98E60CB-EF51-4DC8-A3D3-A820E7DD6475}.Ad-Hoc|iPhone.Build.0 = Ad-Hoc|iPhone
		{D98E60CB-EF51-4DC8-A3D3-A820E7DD6475}.Ad-Hoc|iPhoneSimulator.ActiveCfg = Ad-Hoc|iPhoneSimulator
		{D98E60CB-EF51-4DC8-A3D3-A820E7DD6475}.Ad-Hoc|iPhoneSimulator.Build.0 = Ad-Hoc|iPhoneSimulator
		{D98E60CB-EF51-4DC8-A3D3-A820E7DD6475}.Ad-Hoc|x64.ActiveCfg = Ad-Hoc|iPhone
		{D98E60CB-EF51-4DC8-A3D3-A820E7DD6475}.Ad-Hoc|x86.ActiveCfg = Ad-Hoc|iPhone
		{D98E60CB-EF51-4DC8-A3D3-A820E7DD6475}.AppStore|Any CPU.ActiveCfg = AppStore|iPhone
		{D98E60CB-EF51-4DC8-A3D3-A820E7DD6475}.AppStore|ARM.ActiveCfg = AppStore|iPhone
		{D98E60CB-EF51-4DC8-A3D3-A820E7DD6475}.AppStore|iPhone.ActiveCfg = AppStore|iPhone
		{D98E60CB-EF51-4DC8-A3D3-A820E7DD6475}.AppStore|iPhone.Build.0 = AppStore|iPhone
		{D98E60CB-EF51-4DC8-A3D3-A820E7DD6475}.AppStore|iPhoneSimulator.ActiveCfg = AppStore|iPhoneSimulator
		{D98E60CB-EF51-4DC8-A3D3-A820E7DD6475}.AppStore|iPhoneSimulator.Build.0 = AppStore|iPhoneSimulator
		{D98E60CB-EF51-4DC8-A3D3-A820E7DD6475}.AppStore|x64.ActiveCfg = AppStore|iPhone
		{D98E60CB-EF51-4DC8-A3D3-A820E7DD6475}.AppStore|x86.ActiveCfg = AppStore|iPhone
		{D98E60CB-EF51-4DC8-A3D3-A820E7DD6475}.Debug|Any CPU.ActiveCfg = Debug|iPhone
		{D98E60CB-EF51-4DC8-A3D3-A820E7DD6475}.Debug|ARM.ActiveCfg = Debug|iPhone
		{D98E60CB-EF51-4DC8-A3D3-A820E7DD6475}.Debug|iPhone.ActiveCfg = Debug|iPhone
		{D98E60CB-EF51-4DC8-A3D3-A820E7DD6475}.Debug|iPhone.Build.0 = Debug|iPhone
		{D98E60CB-EF51-4DC8-A3D3-A820E7DD6475}.Debug|iPhoneSimulator.ActiveCfg = Debug|iPhoneSimulator
		{D98E60CB-EF51-4DC8-A3D3-A820E7DD6475}.Debug|iPhoneSimulator.Build.0 = Debug|iPhoneSimulator
		{D98E60CB-EF51-4DC8-A3D3-A820E7DD6475}.Debug|x64.ActiveCfg = Debug|iPhone
		{D98E60CB-EF51-4DC8-A3D3-A820E7DD6475}.Debug|x86.ActiveCfg = Debug|iPhone
		{D98E60CB-EF51-4DC8-A3D3-A820E7DD6475}.Release|Any CPU.ActiveCfg = Release|iPhone
		{D98E60CB-EF51-4DC8-A3D3-A820E7DD6475}.Release|ARM.ActiveCfg = Release|iPhone
		{D98E60CB-EF51-4DC8-A3D3-A820E7DD6475}.Release|iPhone.ActiveCfg = Release|iPhone
		{D98E60CB-EF51-4DC8-A3D3-A820E7DD6475}.Release|iPhone.Build.0 = Release|iPhone
		{D98E60CB-EF51-4DC8-A3D3-A820E7DD6475}.Release|iPhoneSimulator.ActiveCfg = Release|iPhoneSimulator
		{D98E60CB-EF51-4DC8-A3D3-A820E7DD6475}.Release|iPhoneSimulator.Build.0 = Release|iPhoneSimulator
		{D98E60CB-EF51-4DC8-A3D3-A820E7DD6475}.Release|x64.ActiveCfg = Release|iPhone
		{D98E60CB-EF51-4DC8-A3D3-A820E7DD6475}.Release|x86.ActiveCfg = Release|iPhone
		{3F7477E5-5E38-4152-BA24-D4C6FCE752A4}.Ad-Hoc|Any CPU.ActiveCfg = Release|x86
		{3F7477E5-5E38-4152-BA24-D4C6FCE752A4}.Ad-Hoc|Any CPU.Build.0 = Release|x86
		{3F7477E5-5E38-4152-BA24-D4C6FCE752A4}.Ad-Hoc|Any CPU.Deploy.0 = Release|x86
		{3F7477E5-5E38-4152-BA24-D4C6FCE752A4}.Ad-Hoc|ARM.ActiveCfg = Release|ARM
		{3F7477E5-5E38-4152-BA24-D4C6FCE752A4}.Ad-Hoc|ARM.Build.0 = Release|ARM
		{3F7477E5-5E38-4152-BA24-D4C6FCE752A4}.Ad-Hoc|ARM.Deploy.0 = Release|ARM
		{3F7477E5-5E38-4152-BA24-D4C6FCE752A4}.Ad-Hoc|iPhone.ActiveCfg = Release|x86
		{3F7477E5-5E38-4152-BA24-D4C6FCE752A4}.Ad-Hoc|iPhone.Build.0 = Release|x86
		{3F7477E5-5E38-4152-BA24-D4C6FCE752A4}.Ad-Hoc|iPhone.Deploy.0 = Release|x86
		{3F7477E5-5E38-4152-BA24-D4C6FCE752A4}.Ad-Hoc|iPhoneSimulator.ActiveCfg = Release|x86
		{3F7477E5-5E38-4152-BA24-D4C6FCE752A4}.Ad-Hoc|iPhoneSimulator.Build.0 = Release|x86
		{3F7477E5-5E38-4152-BA24-D4C6FCE752A4}.Ad-Hoc|iPhoneSimulator.Deploy.0 = Release|x86
		{3F7477E5-5E38-4152-BA24-D4C6FCE752A4}.Ad-Hoc|x64.ActiveCfg = Release|x64
		{3F7477E5-5E38-4152-BA24-D4C6FCE752A4}.Ad-Hoc|x64.Build.0 = Release|x64
		{3F7477E5-5E38-4152-BA24-D4C6FCE752A4}.Ad-Hoc|x64.Deploy.0 = Release|x64
		{3F7477E5-5E38-4152-BA24-D4C6FCE752A4}.Ad-Hoc|x86.ActiveCfg = Release|x86
		{3F7477E5-5E38-4152-BA24-D4C6FCE752A4}.Ad-Hoc|x86.Build.0 = Release|x86
		{3F7477E5-5E38-4152-BA24-D4C6FCE752A4}.Ad-Hoc|x86.Deploy.0 = Release|x86
		{3F7477E5-5E38-4152-BA24-D4C6FCE752A4}.AppStore|Any CPU.ActiveCfg = Release|x86
		{3F7477E5-5E38-4152-BA24-D4C6FCE752A4}.AppStore|Any CPU.Build.0 = Release|x86
		{3F7477E5-5E38-4152-BA24-D4C6FCE752A4}.AppStore|Any CPU.Deploy.0 = Release|x86
		{3F7477E5-5E38-4152-BA24-D4C6FCE752A4}.AppStore|ARM.ActiveCfg = Release|ARM
		{3F7477E5-5E38-4152-BA24-D4C6FCE752A4}.AppStore|ARM.Build.0 = Release|ARM
		{3F7477E5-5E38-4152-BA24-D4C6FCE752A4}.AppStore|ARM.Deploy.0 = Release|ARM
		{3F7477E5-5E38-4152-BA24-D4C6FCE752A4}.AppStore|iPhone.ActiveCfg = Release|x86
		{3F7477E5-5E38-4152-BA24-D4C6FCE752A4}.AppStore|iPhone.Build.0 = Release|x86
		{3F7477E5-5E38-4152-BA24-D4C6FCE752A4}.AppStore|iPhone.Deploy.0 = Release|x86
		{3F7477E5-5E38-4152-BA24-D4C6FCE752A4}.AppStore|iPhoneSimulator.ActiveCfg = Release|x86
		{3F7477E5-5E38-4152-BA24-D4C6FCE752A4}.AppStore|iPhoneSimulator.Build.0 = Release|x86
		{3F7477E5-5E38-4152-BA24-D4C6FCE752A4}.AppStore|iPhoneSimulator.Deploy.0 = Release|x86
		{3F7477E5-5E38-4152-BA24-D4C6FCE752A4}.AppStore|x64.ActiveCfg = Release|x64
		{3F7477E5-5E38-4152-BA24-D4C6FCE752A4}.AppStore|x64.Build.0 = Release|x64
		{3F7477E5-5E38-4152-BA24-D4C6FCE752A4}.AppStore|x64.Deploy.0 = Release|x64
		{3F7477E5-5E38-4152-BA24-D4C6FCE752A4}.AppStore|x86.ActiveCfg = Release|x86
		{3F7477E5-5E38-4152-BA24-D4C6FCE752A4}.AppStore|x86.Build.0 = Release|x86
		{3F7477E5-5E38-4152-BA24-D4C6FCE752A4}.AppStore|x86.Deploy.0 = Release|x86
		{3F7477E5-5E38-4152-BA24-D4C6FCE752A4}.Debug|Any CPU.ActiveCfg = Debug|x86
		{3F7477E5-5E38-4152-BA24-D4C6FCE752A4}.Debug|ARM.ActiveCfg = Debug|ARM
		{3F7477E5-5E38-4152-BA24-D4C6FCE752A4}.Debug|ARM.Build.0 = Debug|ARM
		{3F7477E5-5E38-4152-BA24-D4C6FCE752A4}.Debug|ARM.Deploy.0 = Debug|ARM
		{3F7477E5-5E38-4152-BA24-D4C6FCE752A4}.Debug|iPhone.ActiveCfg = Debug|x86
		{3F7477E5-5E38-4152-BA24-D4C6FCE752A4}.Debug|iPhoneSimulator.ActiveCfg = Debug|x86
		{3F7477E5-5E38-4152-BA24-D4C6FCE752A4}.Debug|x64.ActiveCfg = Debug|x64
		{3F7477E5-5E38-4152-BA24-D4C6FCE752A4}.Debug|x64.Build.0 = Debug|x64
		{3F7477E5-5E38-4152-BA24-D4C6FCE752A4}.Debug|x64.Deploy.0 = Debug|x64
		{3F7477E5-5E38-4152-BA24-D4C6FCE752A4}.Debug|x86.ActiveCfg = Debug|x86
		{3F7477E5-5E38-4152-BA24-D4C6FCE752A4}.Debug|x86.Build.0 = Debug|x86
		{3F7477E5-5E38-4152-BA24-D4C6FCE752A4}.Debug|x86.Deploy.0 = Debug|x86
		{3F7477E5-5E38-4152-BA24-D4C6FCE752A4}.Release|Any CPU.ActiveCfg = Release|x86
		{3F7477E5-5E38-4152-BA24-D4C6FCE752A4}.Release|ARM.ActiveCfg = Release|ARM
		{3F7477E5-5E38-4152-BA24-D4C6FCE752A4}.Release|ARM.Build.0 = Release|ARM
		{3F7477E5-5E38-4152-BA24-D4C6FCE752A4}.Release|ARM.Deploy.0 = Release|ARM
		{3F7477E5-5E38-4152-BA24-D4C6FCE752A4}.Release|iPhone.ActiveCfg = Release|x86
		{3F7477E5-5E38-4152-BA24-D4C6FCE752A4}.Release|iPhoneSimulator.ActiveCfg = Release|x86
		{3F7477E5-5E38-4152-BA24-D4C6FCE752A4}.Release|x64.ActiveCfg = Release|x64
		{3F7477E5-5E38-4152-BA24-D4C6FCE752A4}.Release|x64.Build.0 = Release|x64
		{3F7477E5-5E38-4152-BA24-D4C6FCE752A4}.Release|x64.Deploy.0 = Release|x64
		{3F7477E5-5E38-4152-BA24-D4C6FCE752A4}.Release|x86.ActiveCfg = Release|x86
		{3F7477E5-5E38-4152-BA24-D4C6FCE752A4}.Release|x86.Build.0 = Release|x86
		{3F7477E5-5E38-4152-BA24-D4C6FCE752A4}.Release|x86.Deploy.0 = Release|x86
	EndGlobalSection
	GlobalSection(SolutionProperties) = preSolution
		HideSolutionNode = FALSE
	EndGlobalSection
	GlobalSection(ExtensibilityGlobals) = postSolution
		SolutionGuid = {219851E9-247F-4C80-8EC8-64247A7F8648}
	EndGlobalSection
EndGlobal
